{
  "object": {
    "pins": [
      {
        "package": "TwilioVideo",
        "repositoryURL": "git@github.com:twilio/twilio-video-ios.git",
        "state": {
          "branch": null,
          "revision": "8f05aff635966f7595ad89852e9c528644b0155e",
          "version": "4.0.0-beta3"
        }
      }
    ]
  },
  "version": 1
}
