// !$*UTF8*$!
{
	archiveVersion = 1;
	classes = {
	};
	objectVersion = 48;
	objects = {

/* Begin PBXBuildFile section */
		8AC2013C1FB801A10044B865 /* AppDelegate.swift in Sources */ = {isa = PBXBuildFile; fileRef = 8AC2013B1FB801A10044B865 /* AppDelegate.swift */; };
		8AC2013E1FB801A10044B865 /* ViewController.swift in Sources */ = {isa = PBXBuildFile; fileRef = 8AC2013D1FB801A10044B865 /* ViewController.swift */; };
		8AC201411FB801A10044B865 /* Main.storyboard in Resources */ = {isa = PBXBuildFile; fileRef = 8AC2013F1FB801A10044B865 /* Main.storyboard */; };
		8AC201431FB801A10044B865 /* Assets.xcassets in Resources */ = {isa = PBXBuildFile; fileRef = 8AC201421FB801A10044B865 /* Assets.xcassets */; };
		8AC201461FB801A10044B865 /* LaunchScreen.storyboard in Resources */ = {isa = PBXBuildFile; fileRef = 8AC201441FB801A10044B865 /* LaunchScreen.storyboard */; };
		8AC2014F1FB803DF0044B865 /* ExampleSampleBufferView.swift in Sources */ = {isa = PBXBuildFile; fileRef = 8AC2014E1FB803DF0044B865 /* ExampleSampleBufferView.swift */; };
		8AC201511FB8041E0044B865 /* ExampleSnapshotRecorder.swift in Sources */ = {isa = PBXBuildFile; fileRef = 8AC201501FB8041E0044B865 /* ExampleSnapshotRecorder.swift */; };
		8AC201531FB804290044B865 /* ExampleVideoRecorder.swift in Sources */ = {isa = PBXBuildFile; fileRef = 8AC201521FB804290044B865 /* ExampleVideoRecorder.swift */; };
		8AE816621FB806B000D10308 /* Settings.swift in Sources */ = {isa = PBXBuildFile; fileRef = 8AE8165F1FB8069F00D10308 /* Settings.swift */; };
		8AE816631FB806B300D10308 /* SettingsTableViewController.swift in Sources */ = {isa = PBXBuildFile; fileRef = 8AE816601FB8069F00D10308 /* SettingsTableViewController.swift */; };
		8AE816641FB806B500D10308 /* Utils.swift in Sources */ = {isa = PBXBuildFile; fileRef = 8AE816611FB8069F00D10308 /* Utils.swift */; };
/* End PBXBuildFile section */

/* Begin PBXFileReference section */
		8AC201381FB801A10044B865 /* VideoRendererExample.app */ = {isa = PBXFileReference; explicitFileType = wrapper.application; includeInIndex = 0; path = VideoRendererExample.app; sourceTree = BUILT_PRODUCTS_DIR; };
		8AC2013B1FB801A10044B865 /* AppDelegate.swift */ = {isa = PBXFileReference; lastKnownFileType = sourcecode.swift; path = AppDelegate.swift; sourceTree = "<group>"; };
		8AC2013D1FB801A10044B865 /* ViewController.swift */ = {isa = PBXFileReference; lastKnownFileType = sourcecode.swift; path = ViewController.swift; sourceTree = "<group>"; };
		8AC201401FB801A10044B865 /* Base */ = {isa = PBXFileReference; lastKnownFileType = file.storyboard; name = Base; path = Base.lproj/Main.storyboard; sourceTree = "<group>"; };
		8AC201421FB801A10044B865 /* Assets.xcassets */ = {isa = PBXFileReference; lastKnownFileType = folder.assetcatalog; path = Assets.xcassets; sourceTree = "<group>"; };
		8AC201451FB801A10044B865 /* Base */ = {isa = PBXFileReference; lastKnownFileType = file.storyboard; name = Base; path = Base.lproj/LaunchScreen.storyboard; sourceTree = "<group>"; };
		8AC201471FB801A10044B865 /* Info.plist */ = {isa = PBXFileReference; lastKnownFileType = text.plist.xml; path = Info.plist; sourceTree = "<group>"; };
		8AC2014E1FB803DF0044B865 /* ExampleSampleBufferView.swift */ = {isa = PBXFileReference; lastKnownFileType = sourcecode.swift; path = ExampleSampleBufferView.swift; sourceTree = "<group>"; };
		8AC201501FB8041E0044B865 /* ExampleSnapshotRecorder.swift */ = {isa = PBXFileReference; lastKnownFileType = sourcecode.swift; path = ExampleSnapshotRecorder.swift; sourceTree = "<group>"; };
		8AC201521FB804290044B865 /* ExampleVideoRecorder.swift */ = {isa = PBXFileReference; lastKnownFileType = sourcecode.swift; path = ExampleVideoRecorder.swift; sourceTree = "<group>"; };
		8AE8165F1FB8069F00D10308 /* Settings.swift */ = {isa = PBXFileReference; lastKnownFileType = sourcecode.swift; path = Settings.swift; sourceTree = "<group>"; };
		8AE816601FB8069F00D10308 /* SettingsTableViewController.swift */ = {isa = PBXFileReference; lastKnownFileType = sourcecode.swift; path = SettingsTableViewController.swift; sourceTree = "<group>"; };
		8AE816611FB8069F00D10308 /* Utils.swift */ = {isa = PBXFileReference; lastKnownFileType = sourcecode.swift; path = Utils.swift; sourceTree = "<group>"; };
/* End PBXFileReference section */

/* Begin PBXFrameworksBuildPhase section */
		8AC201351FB801A10044B865 /* Frameworks */ = {
			isa = PBXFrameworksBuildPhase;
			buildActionMask = 2147483647;
			files = (
			);
			runOnlyForDeploymentPostprocessing = 0;
		};
/* End PBXFrameworksBuildPhase section */

/* Begin PBXGroup section */
		8AC2012F1FB801A10044B865 = {
			isa = PBXGroup;
			children = (
				8AC2013A1FB801A10044B865 /* VideoRendererExample */,
				8AE8165E1FB8069F00D10308 /* Utils */,
				8AC201391FB801A10044B865 /* Products */,
			);
			sourceTree = "<group>";
		};
		8AC201391FB801A10044B865 /* Products */ = {
			isa = PBXGroup;
			children = (
				8AC201381FB801A10044B865 /* VideoRendererExample.app */,
			);
			name = Products;
			sourceTree = "<group>";
		};
		8AC2013A1FB801A10044B865 /* VideoRendererExample */ = {
			isa = PBXGroup;
			children = (
				8AC2013B1FB801A10044B865 /* AppDelegate.swift */,
				8AC2013D1FB801A10044B865 /* ViewController.swift */,
				8AC2014D1FB803A70044B865 /* VideoRenderers */,
				8AC2013F1FB801A10044B865 /* Main.storyboard */,
				8AC201421FB801A10044B865 /* Assets.xcassets */,
				8AC201441FB801A10044B865 /* LaunchScreen.storyboard */,
				8AC201471FB801A10044B865 /* Info.plist */,
			);
			path = VideoRendererExample;
			sourceTree = "<group>";
		};
		8AC2014D1FB803A70044B865 /* VideoRenderers */ = {
			isa = PBXGroup;
			children = (
				8AC2014E1FB803DF0044B865 /* ExampleSampleBufferView.swift */,
				8AC201501FB8041E0044B865 /* ExampleSnapshotRecorder.swift */,
				8AC201521FB804290044B865 /* ExampleVideoRecorder.swift */,
			);
			path = VideoRenderers;
			sourceTree = "<group>";
		};
		8AE8165E1FB8069F00D10308 /* Utils */ = {
			isa = PBXGroup;
			children = (
				8AE8165F1FB8069F00D10308 /* Settings.swift */,
				8AE816601FB8069F00D10308 /* SettingsTableViewController.swift */,
				8AE816611FB8069F00D10308 /* Utils.swift */,
			);
			path = Utils;
			sourceTree = "<group>";
		};
/* End PBXGroup section */

/* Begin PBXNativeTarget section */
		8AC201371FB801A10044B865 /* VideoRendererExample */ = {
			isa = PBXNativeTarget;
			buildConfigurationList = 8AC2014A1FB801A10044B865 /* Build configuration list for PBXNativeTarget "VideoRendererExample" */;
			buildPhases = (
				8AC201341FB801A10044B865 /* Sources */,
				8AC201351FB801A10044B865 /* Frameworks */,
				8AC201361FB801A10044B865 /* Resources */,
			);
			buildRules = (
			);
			dependencies = (
			);
			name = VideoRendererExample;
			productName = VideoRendererExample;
			productReference = 8AC201381FB801A10044B865 /* VideoRendererExample.app */;
			productType = "com.apple.product-type.application";
		};
/* End PBXNativeTarget section */

/* Begin PBXProject section */
		8AC201301FB801A10044B865 /* Project object */ = {
			isa = PBXProject;
			attributes = {
				LastSwiftUpdateCheck = 0900;
				LastUpgradeCheck = 0900;
				ORGANIZATIONNAME = "Twilio Inc.";
				TargetAttributes = {
					8AC201371FB801A10044B865 = {
						CreatedOnToolsVersion = 9.0;
						ProvisioningStyle = Automatic;
					};
				};
			};
			buildConfigurationList = 8AC201331FB801A10044B865 /* Build configuration list for PBXProject "VideoRendererExample" */;
			compatibilityVersion = "Xcode 8.0";
			developmentRegion = en;
			hasScannedForEncodings = 0;
			knownRegions = (
				en,
				Base,
			);
			mainGroup = 8AC2012F1FB801A10044B865;
			productRefGroup = 8AC201391FB801A10044B865 /* Products */;
			projectDirPath = "";
			projectRoot = "";
			targets = (
				8AC201371FB801A10044B865 /* VideoRendererExample */,
			);
		};
/* End PBXProject section */

/* Begin PBXResourcesBuildPhase section */
		8AC201361FB801A10044B865 /* Resources */ = {
			isa = PBXResourcesBuildPhase;
			buildActionMask = 2147483647;
			files = (
				8AC201461FB801A10044B865 /* LaunchScreen.storyboard in Resources */,
				8AC201431FB801A10044B865 /* Assets.xcassets in Resources */,
				8AC201411FB801A10044B865 /* Main.storyboard in Resources */,
			);
			runOnlyForDeploymentPostprocessing = 0;
		};
/* End PBXResourcesBuildPhase section */

/* Begin PBXSourcesBuildPhase section */
		8AC201341FB801A10044B865 /* Sources */ = {
			isa = PBXSourcesBuildPhase;
			buildActionMask = 2147483647;
			files = (
				8AE816621FB806B000D10308 /* Settings.swift in Sources */,
				8AC201531FB804290044B865 /* ExampleVideoRecorder.swift in Sources */,
				8AC2014F1FB803DF0044B865 /* ExampleSampleBufferView.swift in Sources */,
				8AC2013E1FB801A10044B865 /* ViewController.swift in Sources */,
				8AC201511FB8041E0044B865 /* ExampleSnapshotRecorder.swift in Sources */,
				8AC2013C1FB801A10044B865 /* AppDelegate.swift in Sources */,
				8AE816631FB806B300D10308 /* SettingsTableViewController.swift in Sources */,
				8AE816641FB806B500D10308 /* Utils.swift in Sources */,
			);
			runOnlyForDeploymentPostprocessing = 0;
		};
/* End PBXSourcesBuildPhase section */

/* Begin PBXVariantGroup section */
		8AC2013F1FB801A10044B865 /* Main.storyboard */ = {
			isa = PBXVariantGroup;
			children = (
				8AC201401FB801A10044B865 /* Base */,
			);
			name = Main.storyboard;
			sourceTree = "<group>";
		};
		8AC201441FB801A10044B865 /* LaunchScreen.storyboard */ = {
			isa = PBXVariantGroup;
			children = (
				8AC201451FB801A10044B865 /* Base */,
			);
			name = LaunchScreen.storyboard;
			sourceTree = "<group>";
		};
/* End PBXVariantGroup section */

/* Begin XCBuildConfiguration section */
		8AC201481FB801A10044B865 /* Debug */ = {
			isa = XCBuildConfiguration;
			buildSettings = {
				ALWAYS_SEARCH_USER_PATHS = NO;
				CLANG_ANALYZER_NONNULL = YES;
				CLANG_ANALYZER_NUMBER_OBJECT_CONVERSION = YES_AGGRESSIVE;
				CLANG_CXX_LANGUAGE_STANDARD = "gnu++14";
				CLANG_CXX_LIBRARY = "libc++";
				CLANG_ENABLE_MODULES = YES;
				CLANG_ENABLE_OBJC_ARC = YES;
				CLANG_WARN_BLOCK_CAPTURE_AUTORELEASING = YES;
				CLANG_WARN_BOOL_CONVERSION = YES;
				CLANG_WARN_COMMA = YES;
				CLANG_WARN_CONSTANT_CONVERSION = YES;
				CLANG_WARN_DIRECT_OBJC_ISA_USAGE = YES_ERROR;
				CLANG_WARN_DOCUMENTATION_COMMENTS = YES;
				CLANG_WARN_EMPTY_BODY = YES;
				CLANG_WARN_ENUM_CONVERSION = YES;
				CLANG_WARN_INFINITE_RECURSION = YES;
				CLANG_WARN_INT_CONVERSION = YES;
				CLANG_WARN_NON_LITERAL_NULL_CONVERSION = YES;
				CLANG_WARN_OBJC_LITERAL_CONVERSION = YES;
				CLANG_WARN_OBJC_ROOT_CLASS = YES_ERROR;
				CLANG_WARN_RANGE_LOOP_ANALYSIS = YES;
				CLANG_WARN_STRICT_PROTOTYPES = YES;
				CLANG_WARN_SUSPICIOUS_MOVE = YES;
				CLANG_WARN_UNGUARDED_AVAILABILITY = YES_AGGRESSIVE;
				CLANG_WARN_UNREACHABLE_CODE = YES;
				CLANG_WARN__DUPLICATE_METHOD_MATCH = YES;
				CODE_SIGN_IDENTITY = "iPhone Developer";
				COPY_PHASE_STRIP = NO;
				DEBUG_INFORMATION_FORMAT = dwarf;
				ENABLE_STRICT_OBJC_MSGSEND = YES;
				ENABLE_TESTABILITY = YES;
				GCC_C_LANGUAGE_STANDARD = gnu11;
				GCC_DYNAMIC_NO_PIC = NO;
				GCC_NO_COMMON_BLOCKS = YES;
				GCC_OPTIMIZATION_LEVEL = 0;
				GCC_PREPROCESSOR_DEFINITIONS = (
					"DEBUG=1",
					"$(inherited)",
				);
				GCC_WARN_64_TO_32_BIT_CONVERSION = YES;
				GCC_WARN_ABOUT_RETURN_TYPE = YES_ERROR;
				GCC_WARN_UNDECLARED_SELECTOR = YES;
				GCC_WARN_UNINITIALIZED_AUTOS = YES_AGGRESSIVE;
				GCC_WARN_UNUSED_FUNCTION = YES;
				GCC_WARN_UNUSED_VARIABLE = YES;
				IPHONEOS_DEPLOYMENT_TARGET = 10.0;
				MTL_ENABLE_DEBUG_INFO = YES;
				ONLY_ACTIVE_ARCH = YES;
				SDKROOT = iphoneos;
				SWIFT_ACTIVE_COMPILATION_CONDITIONS = DEBUG;
				SWIFT_OPTIMIZATION_LEVEL = "-Onone";
			};
			name = Debug;
		};
		8AC201491FB801A10044B865 /* Release */ = {
			isa = XCBuildConfiguration;
			buildSettings = {
				ALWAYS_SEARCH_USER_PATHS = NO;
				CLANG_ANALYZER_NONNULL = YES;
				CLANG_ANALYZER_NUMBER_OBJECT_CONVERSION = YES_AGGRESSIVE;
				CLANG_CXX_LANGUAGE_STANDARD = "gnu++14";
				CLANG_CXX_LIBRARY = "libc++";
				CLANG_ENABLE_MODULES = YES;
				CLANG_ENABLE_OBJC_ARC = YES;
				CLANG_WARN_BLOCK_CAPTURE_AUTORELEASING = YES;
				CLANG_WARN_BOOL_CONVERSION = YES;
				CLANG_WARN_COMMA = YES;
				CLANG_WARN_CONSTANT_CONVERSION = YES;
				CLANG_WARN_DIRECT_OBJC_ISA_USAGE = YES_ERROR;
				CLANG_WARN_DOCUMENTATION_COMMENTS = YES;
				CLANG_WARN_EMPTY_BODY = YES;
				CLANG_WARN_ENUM_CONVERSION = YES;
				CLANG_WARN_INFINITE_RECURSION = YES;
				CLANG_WARN_INT_CONVERSION = YES;
				CLANG_WARN_NON_LITERAL_NULL_CONVERSION = YES;
				CLANG_WARN_OBJC_LITERAL_CONVERSION = YES;
				CLANG_WARN_OBJC_ROOT_CLASS = YES_ERROR;
				CLANG_WARN_RANGE_LOOP_ANALYSIS = YES;
				CLANG_WARN_STRICT_PROTOTYPES = YES;
				CLANG_WARN_SUSPICIOUS_MOVE = YES;
				CLANG_WARN_UNGUARDED_AVAILABILITY = YES_AGGRESSIVE;
				CLANG_WARN_UNREACHABLE_CODE = YES;
				CLANG_WARN__DUPLICATE_METHOD_MATCH = YES;
				CODE_SIGN_IDENTITY = "iPhone Developer";
				COPY_PHASE_STRIP = NO;
				DEBUG_INFORMATION_FORMAT = "dwarf-with-dsym";
				ENABLE_NS_ASSERTIONS = NO;
				ENABLE_STRICT_OBJC_MSGSEND = YES;
				GCC_C_LANGUAGE_STANDARD = gnu11;
				GCC_NO_COMMON_BLOCKS = YES;
				GCC_WARN_64_TO_32_BIT_CONVERSION = YES;
				GCC_WARN_ABOUT_RETURN_TYPE = YES_ERROR;
				GCC_WARN_UNDECLARED_SELECTOR = YES;
				GCC_WARN_UNINITIALIZED_AUTOS = YES_AGGRESSIVE;
				GCC_WARN_UNUSED_FUNCTION = YES;
				GCC_WARN_UNUSED_VARIABLE = YES;
				IPHONEOS_DEPLOYMENT_TARGET = 10.0;
				MTL_ENABLE_DEBUG_INFO = NO;
				SDKROOT = iphoneos;
				SWIFT_OPTIMIZATION_LEVEL = "-Owholemodule";
				VALIDATE_PRODUCT = YES;
			};
			name = Release;
		};
		8AC2014B1FB801A10044B865 /* Debug */ = {
			isa = XCBuildConfiguration;
			buildSettings = {
				ASSETCATALOG_COMPILER_APPICON_NAME = AppIcon;
				CODE_SIGN_STYLE = Automatic;
				DEVELOPMENT_TEAM = SX5J6BN2KX;
				INFOPLIST_FILE = VideoRendererExample/Info.plist;
				LD_RUNPATH_SEARCH_PATHS = "$(inherited) @executable_path/Frameworks";
				PRODUCT_BUNDLE_IDENTIFIER = com.twilio.VideoRendererExample;
				PRODUCT_NAME = "$(TARGET_NAME)";
				SWIFT_VERSION = 4.2;
				TARGETED_DEVICE_FAMILY = "1,2";
			};
			name = Debug;
		};
		8AC2014C1FB801A10044B865 /* Release */ = {
			isa = XCBuildConfiguration;
			buildSettings = {
				ASSETCATALOG_COMPILER_APPICON_NAME = AppIcon;
				CODE_SIGN_STYLE = Automatic;
				DEVELOPMENT_TEAM = SX5J6BN2KX;
				INFOPLIST_FILE = VideoRendererExample/Info.plist;
				LD_RUNPATH_SEARCH_PATHS = "$(inherited) @executable_path/Frameworks";
				PRODUCT_BUNDLE_IDENTIFIER = com.twilio.VideoRendererExample;
				PRODUCT_NAME = "$(TARGET_NAME)";
				SWIFT_VERSION = 4.2;
				TARGETED_DEVICE_FAMILY = "1,2";
			};
			name = Release;
		};
/* End XCBuildConfiguration section */

/* Begin XCConfigurationList section */
		8AC201331FB801A10044B865 /* Build configuration list for PBXProject "VideoRendererExample" */ = {
			isa = XCConfigurationList;
			buildConfigurations = (
				8AC201481FB801A10044B865 /* Debug */,
				8AC201491FB801A10044B865 /* Release */,
			);
			defaultConfigurationIsVisible = 0;
			defaultConfigurationName = Release;
		};
		8AC2014A1FB801A10044B865 /* Build configuration list for PBXNativeTarget "VideoRendererExample" */ = {
			isa = XCConfigurationList;
			buildConfigurations = (
				8AC2014B1FB801A10044B865 /* Debug */,
				8AC2014C1FB801A10044B865 /* Release */,
			);
			defaultConfigurationIsVisible = 0;
			defaultConfigurationName = Release;
		};
/* End XCConfigurationList section */
	};
	rootObject = 8AC201301FB801A10044B865 /* Project object */;
}
