// !$*UTF8*$!
{
	archiveVersion = 1;
	classes = {
	};
	objectVersion = 52;
	objects = {

/* Begin PBXBuildFile section */
		2438448D252B96800088B407 /* TwilioVideo in Frameworks */ = {isa = PBXBuildFile; productRef = 2438448C252B96800088B407 /* TwilioVideo */; };
		24A82E5A22B18A0A001EFC32 /* README.md in Resources */ = {isa = PBXBuildFile; fileRef = 24A82E5922B18A0A001EFC32 /* README.md */; };
		8A0A1F191ECD1FFC0008C1AF /* main.m in Sources */ = {isa = PBXBuildFile; fileRef = 8A0A1F181ECD1FFC0008C1AF /* main.m */; };
		8A0A1F1C1ECD1FFC0008C1AF /* AppDelegate.m in Sources */ = {isa = PBXBuildFile; fileRef = 8A0A1F1B1ECD1FFC0008C1AF /* AppDelegate.m */; };
		8A0A1F1F1ECD1FFC0008C1AF /* ViewController.m in Sources */ = {isa = PBXBuildFile; fileRef = 8A0A1F1E1ECD1FFC0008C1AF /* ViewController.m */; };
		8A0A1F221ECD1FFC0008C1AF /* Main.storyboard in Resources */ = {isa = PBXBuildFile; fileRef = 8A0A1F201ECD1FFC0008C1AF /* Main.storyboard */; };
		8A0A1F241ECD1FFC0008C1AF /* Assets.xcassets in Resources */ = {isa = PBXBuildFile; fileRef = 8A0A1F231ECD1FFC0008C1AF /* Assets.xcassets */; };
		8A0A1F271ECD1FFC0008C1AF /* LaunchScreen.storyboard in Resources */ = {isa = PBXBuildFile; fileRef = 8A0A1F251ECD1FFC0008C1AF /* LaunchScreen.storyboard */; };
		8A85E4951ECE97F6004719C8 /* Utils.m in Sources */ = {isa = PBXBuildFile; fileRef = 8A85E4941ECE97F6004719C8 /* Utils.m */; };
		8A85E4981ECEA82D004719C8 /* CustomAVPlayerView.m in Sources */ = {isa = PBXBuildFile; fileRef = 8A85E4971ECEA82D004719C8 /* CustomAVPlayerView.m */; };
		FBD8253D2BDC22A000364D02 /* twilio_cloud_com.mov in Resources */ = {isa = PBXBuildFile; fileRef = FBD8253C2BDC22A000364D02 /* twilio_cloud_com.mov */; };
/* End PBXBuildFile section */

/* Begin PBXCopyFilesBuildPhase section */
		24748EE6252B742200EEBFDD /* Embed Frameworks */ = {
			isa = PBXCopyFilesBuildPhase;
			buildActionMask = 2147483647;
			dstPath = "";
			dstSubfolderSpec = 10;
			files = (
			);
			name = "Embed Frameworks";
			runOnlyForDeploymentPostprocessing = 0;
		};
/* End PBXCopyFilesBuildPhase section */

/* Begin PBXFileReference section */
		24A82E5922B18A0A001EFC32 /* README.md */ = {isa = PBXFileReference; fileEncoding = 4; lastKnownFileType = net.daringfireball.markdown; name = README.md; path = AVPlayerExample/README.md; sourceTree = "<group>"; };
		8A0A1F141ECD1FFC0008C1AF /* AVPlayerExample.app */ = {isa = PBXFileReference; explicitFileType = wrapper.application; includeInIndex = 0; path = AVPlayerExample.app; sourceTree = BUILT_PRODUCTS_DIR; };
		8A0A1F181ECD1FFC0008C1AF /* main.m */ = {isa = PBXFileReference; lastKnownFileType = sourcecode.c.objc; path = main.m; sourceTree = "<group>"; };
		8A0A1F1A1ECD1FFC0008C1AF /* AppDelegate.h */ = {isa = PBXFileReference; lastKnownFileType = sourcecode.c.h; path = AppDelegate.h; sourceTree = "<group>"; };
		8A0A1F1B1ECD1FFC0008C1AF /* AppDelegate.m */ = {isa = PBXFileReference; lastKnownFileType = sourcecode.c.objc; path = AppDelegate.m; sourceTree = "<group>"; };
		8A0A1F1D1ECD1FFC0008C1AF /* ViewController.h */ = {isa = PBXFileReference; lastKnownFileType = sourcecode.c.h; path = ViewController.h; sourceTree = "<group>"; };
		8A0A1F1E1ECD1FFC0008C1AF /* ViewController.m */ = {isa = PBXFileReference; lastKnownFileType = sourcecode.c.objc; path = ViewController.m; sourceTree = "<group>"; };
		8A0A1F211ECD1FFC0008C1AF /* Base */ = {isa = PBXFileReference; lastKnownFileType = file.storyboard; name = Base; path = Base.lproj/Main.storyboard; sourceTree = "<group>"; };
		8A0A1F231ECD1FFC0008C1AF /* Assets.xcassets */ = {isa = PBXFileReference; lastKnownFileType = folder.assetcatalog; path = Assets.xcassets; sourceTree = "<group>"; };
		8A0A1F261ECD1FFC0008C1AF /* Base */ = {isa = PBXFileReference; lastKnownFileType = file.storyboard; name = Base; path = Base.lproj/LaunchScreen.storyboard; sourceTree = "<group>"; };
		8A0A1F281ECD1FFC0008C1AF /* Info.plist */ = {isa = PBXFileReference; lastKnownFileType = text.plist.xml; path = Info.plist; sourceTree = "<group>"; };
		8A85E4931ECE97F6004719C8 /* Utils.h */ = {isa = PBXFileReference; fileEncoding = 4; lastKnownFileType = sourcecode.c.h; path = Utils.h; sourceTree = "<group>"; };
		8A85E4941ECE97F6004719C8 /* Utils.m */ = {isa = PBXFileReference; fileEncoding = 4; lastKnownFileType = sourcecode.c.objc; path = Utils.m; sourceTree = "<group>"; };
		8A85E4961ECEA82D004719C8 /* CustomAVPlayerView.h */ = {isa = PBXFileReference; fileEncoding = 4; lastKnownFileType = sourcecode.c.h; path = CustomAVPlayerView.h; sourceTree = "<group>"; };
		8A85E4971ECEA82D004719C8 /* CustomAVPlayerView.m */ = {isa = PBXFileReference; fileEncoding = 4; lastKnownFileType = sourcecode.c.objc; path = CustomAVPlayerView.m; sourceTree = "<group>"; };
		FBD8253C2BDC22A000364D02 /* twilio_cloud_com.mov */ = {isa = PBXFileReference; lastKnownFileType = video.quicktime; name = twilio_cloud_com.mov; path = Resources/twilio_cloud_com.mov; sourceTree = "<group>"; };
/* End PBXFileReference section */

/* Begin PBXFrameworksBuildPhase section */
		8A0A1F111ECD1FFC0008C1AF /* Frameworks */ = {
			isa = PBXFrameworksBuildPhase;
			buildActionMask = 2147483647;
			files = (
				2438448D252B96800088B407 /* TwilioVideo in Frameworks */,
			);
			runOnlyForDeploymentPostprocessing = 0;
		};
/* End PBXFrameworksBuildPhase section */

/* Begin PBXGroup section */
		8A0A1F0B1ECD1FFC0008C1AF = {
			isa = PBXGroup;
			children = (
				FBD8253C2BDC22A000364D02 /* twilio_cloud_com.mov */,
				8A0A1F161ECD1FFC0008C1AF /* AVPlayerExample */,
				8A0A1F151ECD1FFC0008C1AF /* Products */,
				24A82E5922B18A0A001EFC32 /* README.md */,
			);
			sourceTree = "<group>";
		};
		8A0A1F151ECD1FFC0008C1AF /* Products */ = {
			isa = PBXGroup;
			children = (
				8A0A1F141ECD1FFC0008C1AF /* AVPlayerExample.app */,
			);
			name = Products;
			sourceTree = "<group>";
		};
		8A0A1F161ECD1FFC0008C1AF /* AVPlayerExample */ = {
			isa = PBXGroup;
			children = (
				8A0A1F1A1ECD1FFC0008C1AF /* AppDelegate.h */,
				8A0A1F1B1ECD1FFC0008C1AF /* AppDelegate.m */,
				8A85E4961ECEA82D004719C8 /* CustomAVPlayerView.h */,
				8A85E4971ECEA82D004719C8 /* CustomAVPlayerView.m */,
				8A85E4931ECE97F6004719C8 /* Utils.h */,
				8A85E4941ECE97F6004719C8 /* Utils.m */,
				8A0A1F1D1ECD1FFC0008C1AF /* ViewController.h */,
				8A0A1F1E1ECD1FFC0008C1AF /* ViewController.m */,
				8A0A1F201ECD1FFC0008C1AF /* Main.storyboard */,
				8A0A1F231ECD1FFC0008C1AF /* Assets.xcassets */,
				8A0A1F251ECD1FFC0008C1AF /* LaunchScreen.storyboard */,
				8A0A1F281ECD1FFC0008C1AF /* Info.plist */,
				8A0A1F171ECD1FFC0008C1AF /* Supporting Files */,
			);
			path = AVPlayerExample;
			sourceTree = "<group>";
		};
		8A0A1F171ECD1FFC0008C1AF /* Supporting Files */ = {
			isa = PBXGroup;
			children = (
				8A0A1F181ECD1FFC0008C1AF /* main.m */,
			);
			name = "Supporting Files";
			sourceTree = "<group>";
		};
/* End PBXGroup section */

/* Begin PBXNativeTarget section */
		8A0A1F131ECD1FFC0008C1AF /* AVPlayerExample */ = {
			isa = PBXNativeTarget;
			buildConfigurationList = 8A0A1F2B1ECD1FFC0008C1AF /* Build configuration list for PBXNativeTarget "AVPlayerExample" */;
			buildPhases = (
				8A0A1F101ECD1FFC0008C1AF /* Sources */,
				8A0A1F111ECD1FFC0008C1AF /* Frameworks */,
				8A0A1F121ECD1FFC0008C1AF /* Resources */,
				24748EE6252B742200EEBFDD /* Embed Frameworks */,
				24748EF0252B90EF00EEBFDD /* Sign Frameworks */,
			);
			buildRules = (
			);
			dependencies = (
			);
			name = AVPlayerExample;
			packageProductDependencies = (
				2438448C252B96800088B407 /* TwilioVideo */,
			);
			productName = AVPlayerExample;
			productReference = 8A0A1F141ECD1FFC0008C1AF /* AVPlayerExample.app */;
			productType = "com.apple.product-type.application";
		};
/* End PBXNativeTarget section */

/* Begin PBXProject section */
		8A0A1F0C1ECD1FFC0008C1AF /* Project object */ = {
			isa = PBXProject;
			attributes = {
				LastUpgradeCheck = 1200;
				ORGANIZATIONNAME = "Twilio Inc.";
				TargetAttributes = {
					8A0A1F131ECD1FFC0008C1AF = {
						CreatedOnToolsVersion = 8.3.2;
						DevelopmentTeam = SX5J6BN2KX;
						ProvisioningStyle = Automatic;
					};
				};
			};
			buildConfigurationList = 8A0A1F0F1ECD1FFC0008C1AF /* Build configuration list for PBXProject "AVPlayerExample" */;
			compatibilityVersion = "Xcode 3.2";
			developmentRegion = en;
			hasScannedForEncodings = 0;
			knownRegions = (
				en,
				Base,
			);
			mainGroup = 8A0A1F0B1ECD1FFC0008C1AF;
			packageReferences = (
				2438448B252B96800088B407 /* XCRemoteSwiftPackageReference "twilio-video-ios" */,
			);
			productRefGroup = 8A0A1F151ECD1FFC0008C1AF /* Products */;
			projectDirPath = "";
			projectRoot = "";
			targets = (
				8A0A1F131ECD1FFC0008C1AF /* AVPlayerExample */,
			);
		};
/* End PBXProject section */

/* Begin PBXResourcesBuildPhase section */
		8A0A1F121ECD1FFC0008C1AF /* Resources */ = {
			isa = PBXResourcesBuildPhase;
			buildActionMask = 2147483647;
			files = (
				FBD8253D2BDC22A000364D02 /* twilio_cloud_com.mov in Resources */,
				8A0A1F271ECD1FFC0008C1AF /* LaunchScreen.storyboard in Resources */,
				8A0A1F241ECD1FFC0008C1AF /* Assets.xcassets in Resources */,
				24A82E5A22B18A0A001EFC32 /* README.md in Resources */,
				8A0A1F221ECD1FFC0008C1AF /* Main.storyboard in Resources */,
			);
			runOnlyForDeploymentPostprocessing = 0;
		};
/* End PBXResourcesBuildPhase section */

/* Begin PBXShellScriptBuildPhase section */
		24748EF0252B90EF00EEBFDD /* Sign Frameworks */ = {
			isa = PBXShellScriptBuildPhase;
			buildActionMask = 2147483647;
			files = (
			);
			inputFileListPaths = (
			);
			inputPaths = (
			);
			name = "Sign Frameworks";
			outputFileListPaths = (
			);
			outputPaths = (
			);
			runOnlyForDeploymentPostprocessing = 0;
			shellPath = /bin/sh;
			shellScript = "find \"${CODESIGNING_FOLDER_PATH}\" -name '*.framework' -print0 | while read -d $'\\0' framework \ndo \n    codesign --force --deep --sign \"${EXPANDED_CODE_SIGN_IDENTITY}\" --preserve-metadata=identifier,entitlements --timestamp=none \"${framework}\" \ndone\n";
		};
/* End PBXShellScriptBuildPhase section */

/* Begin PBXSourcesBuildPhase section */
		8A0A1F101ECD1FFC0008C1AF /* Sources */ = {
			isa = PBXSourcesBuildPhase;
			buildActionMask = 2147483647;
			files = (
				8A0A1F1F1ECD1FFC0008C1AF /* ViewController.m in Sources */,
				8A0A1F1C1ECD1FFC0008C1AF /* AppDelegate.m in Sources */,
				8A0A1F191ECD1FFC0008C1AF /* main.m in Sources */,
				8A85E4951ECE97F6004719C8 /* Utils.m in Sources */,
				8A85E4981ECEA82D004719C8 /* CustomAVPlayerView.m in Sources */,
			);
			runOnlyForDeploymentPostprocessing = 0;
		};
/* End PBXSourcesBuildPhase section */

/* Begin PBXVariantGroup section */
		8A0A1F201ECD1FFC0008C1AF /* Main.storyboard */ = {
			isa = PBXVariantGroup;
			children = (
				8A0A1F211ECD1FFC0008C1AF /* Base */,
			);
			name = Main.storyboard;
			sourceTree = "<group>";
		};
		8A0A1F251ECD1FFC0008C1AF /* LaunchScreen.storyboard */ = {
			isa = PBXVariantGroup;
			children = (
				8A0A1F261ECD1FFC0008C1AF /* Base */,
			);
			name = LaunchScreen.storyboard;
			sourceTree = "<group>";
		};
/* End PBXVariantGroup section */

/* Begin XCBuildConfiguration section */
		8A0A1F291ECD1FFC0008C1AF /* Debug */ = {
			isa = XCBuildConfiguration;
			buildSettings = {
				ALWAYS_SEARCH_USER_PATHS = NO;
				CLANG_ANALYZER_LOCALIZABILITY_NONLOCALIZED = YES;
				CLANG_ANALYZER_NONNULL = YES;
				CLANG_ANALYZER_NUMBER_OBJECT_CONVERSION = YES_AGGRESSIVE;
				CLANG_CXX_LANGUAGE_STANDARD = "gnu++0x";
				CLANG_CXX_LIBRARY = "libc++";
				CLANG_ENABLE_MODULES = YES;
				CLANG_ENABLE_OBJC_ARC = YES;
				CLANG_WARN_BLOCK_CAPTURE_AUTORELEASING = YES;
				CLANG_WARN_BOOL_CONVERSION = YES;
				CLANG_WARN_COMMA = YES;
				CLANG_WARN_CONSTANT_CONVERSION = YES;
				CLANG_WARN_DEPRECATED_OBJC_IMPLEMENTATIONS = YES;
				CLANG_WARN_DIRECT_OBJC_ISA_USAGE = YES_ERROR;
				CLANG_WARN_DOCUMENTATION_COMMENTS = YES;
				CLANG_WARN_EMPTY_BODY = YES;
				CLANG_WARN_ENUM_CONVERSION = YES;
				CLANG_WARN_INFINITE_RECURSION = YES;
				CLANG_WARN_INT_CONVERSION = YES;
				CLANG_WARN_NON_LITERAL_NULL_CONVERSION = YES;
				CLANG_WARN_OBJC_IMPLICIT_RETAIN_SELF = YES;
				CLANG_WARN_OBJC_LITERAL_CONVERSION = YES;
				CLANG_WARN_OBJC_ROOT_CLASS = YES_ERROR;
				CLANG_WARN_QUOTED_INCLUDE_IN_FRAMEWORK_HEADER = YES;
				CLANG_WARN_RANGE_LOOP_ANALYSIS = YES;
				CLANG_WARN_STRICT_PROTOTYPES = YES;
				CLANG_WARN_SUSPICIOUS_MOVE = YES;
				CLANG_WARN_UNREACHABLE_CODE = YES;
				CLANG_WARN__DUPLICATE_METHOD_MATCH = YES;
				"CODE_SIGN_IDENTITY[sdk=iphoneos*]" = "iPhone Developer";
				COPY_PHASE_STRIP = NO;
				DEBUG_INFORMATION_FORMAT = dwarf;
				ENABLE_STRICT_OBJC_MSGSEND = YES;
				ENABLE_TESTABILITY = YES;
				GCC_C_LANGUAGE_STANDARD = gnu99;
				GCC_DYNAMIC_NO_PIC = NO;
				GCC_NO_COMMON_BLOCKS = YES;
				GCC_OPTIMIZATION_LEVEL = 0;
				GCC_PREPROCESSOR_DEFINITIONS = (
					"DEBUG=1",
					"$(inherited)",
				);
				GCC_TREAT_WARNINGS_AS_ERRORS = YES;
				GCC_WARN_64_TO_32_BIT_CONVERSION = YES;
				GCC_WARN_ABOUT_RETURN_TYPE = YES_ERROR;
				GCC_WARN_UNDECLARED_SELECTOR = YES;
				GCC_WARN_UNINITIALIZED_AUTOS = YES_AGGRESSIVE;
				GCC_WARN_UNUSED_FUNCTION = YES;
				GCC_WARN_UNUSED_VARIABLE = YES;
				IPHONEOS_DEPLOYMENT_TARGET = 12.2;
				MTL_ENABLE_DEBUG_INFO = YES;
				ONLY_ACTIVE_ARCH = YES;
				SDKROOT = iphoneos;
				TARGETED_DEVICE_FAMILY = "1,2";
			};
			name = Debug;
		};
		8A0A1F2A1ECD1FFC0008C1AF /* Release */ = {
			isa = XCBuildConfiguration;
			buildSettings = {
				ALWAYS_SEARCH_USER_PATHS = NO;
				CLANG_ANALYZER_LOCALIZABILITY_NONLOCALIZED = YES;
				CLANG_ANALYZER_NONNULL = YES;
				CLANG_ANALYZER_NUMBER_OBJECT_CONVERSION = YES_AGGRESSIVE;
				CLANG_CXX_LANGUAGE_STANDARD = "gnu++0x";
				CLANG_CXX_LIBRARY = "libc++";
				CLANG_ENABLE_MODULES = YES;
				CLANG_ENABLE_OBJC_ARC = YES;
				CLANG_WARN_BLOCK_CAPTURE_AUTORELEASING = YES;
				CLANG_WARN_BOOL_CONVERSION = YES;
				CLANG_WARN_COMMA = YES;
				CLANG_WARN_CONSTANT_CONVERSION = YES;
				CLANG_WARN_DEPRECATED_OBJC_IMPLEMENTATIONS = YES;
				CLANG_WARN_DIRECT_OBJC_ISA_USAGE = YES_ERROR;
				CLANG_WARN_DOCUMENTATION_COMMENTS = YES;
				CLANG_WARN_EMPTY_BODY = YES;
				CLANG_WARN_ENUM_CONVERSION = YES;
				CLANG_WARN_INFINITE_RECURSION = YES;
				CLANG_WARN_INT_CONVERSION = YES;
				CLANG_WARN_NON_LITERAL_NULL_CONVERSION = YES;
				CLANG_WARN_OBJC_IMPLICIT_RETAIN_SELF = YES;
				CLANG_WARN_OBJC_LITERAL_CONVERSION = YES;
				CLANG_WARN_OBJC_ROOT_CLASS = YES_ERROR;
				CLANG_WARN_QUOTED_INCLUDE_IN_FRAMEWORK_HEADER = YES;
				CLANG_WARN_RANGE_LOOP_ANALYSIS = YES;
				CLANG_WARN_STRICT_PROTOTYPES = YES;
				CLANG_WARN_SUSPICIOUS_MOVE = YES;
				CLANG_WARN_UNREACHABLE_CODE = YES;
				CLANG_WARN__DUPLICATE_METHOD_MATCH = YES;
				"CODE_SIGN_IDENTITY[sdk=iphoneos*]" = "iPhone Developer";
				COPY_PHASE_STRIP = NO;
				DEBUG_INFORMATION_FORMAT = "dwarf-with-dsym";
				ENABLE_NS_ASSERTIONS = NO;
				ENABLE_STRICT_OBJC_MSGSEND = YES;
				GCC_C_LANGUAGE_STANDARD = gnu99;
				GCC_NO_COMMON_BLOCKS = YES;
				GCC_TREAT_WARNINGS_AS_ERRORS = YES;
				GCC_WARN_64_TO_32_BIT_CONVERSION = YES;
				GCC_WARN_ABOUT_RETURN_TYPE = YES_ERROR;
				GCC_WARN_UNDECLARED_SELECTOR = YES;
				GCC_WARN_UNINITIALIZED_AUTOS = YES_AGGRESSIVE;
				GCC_WARN_UNUSED_FUNCTION = YES;
				GCC_WARN_UNUSED_VARIABLE = YES;
				IPHONEOS_DEPLOYMENT_TARGET = 12.2;
				MTL_ENABLE_DEBUG_INFO = NO;
				SDKROOT = iphoneos;
				TARGETED_DEVICE_FAMILY = "1,2";
				VALIDATE_PRODUCT = YES;
			};
			name = Release;
		};
		8A0A1F2C1ECD1FFC0008C1AF /* Debug */ = {
			isa = XCBuildConfiguration;
			buildSettings = {
				ASSETCATALOG_COMPILER_APPICON_NAME = AppIcon;
				CLANG_WARN_QUOTED_INCLUDE_IN_FRAMEWORK_HEADER = NO;
				DEVELOPMENT_TEAM = SX5J6BN2KX;
				INFOPLIST_FILE = AVPlayerExample/Info.plist;
				LD_RUNPATH_SEARCH_PATHS = (
					"$(inherited)",
					"@executable_path/Frameworks",
				);
				PRODUCT_BUNDLE_IDENTIFIER = com.twilio.AVPlayerExample;
				PRODUCT_NAME = "$(TARGET_NAME)";
			};
			name = Debug;
		};
		8A0A1F2D1ECD1FFC0008C1AF /* Release */ = {
			isa = XCBuildConfiguration;
			buildSettings = {
				ASSETCATALOG_COMPILER_APPICON_NAME = AppIcon;
				CLANG_WARN_QUOTED_INCLUDE_IN_FRAMEWORK_HEADER = NO;
				DEVELOPMENT_TEAM = SX5J6BN2KX;
				INFOPLIST_FILE = AVPlayerExample/Info.plist;
				LD_RUNPATH_SEARCH_PATHS = (
					"$(inherited)",
					"@executable_path/Frameworks",
				);
				PRODUCT_BUNDLE_IDENTIFIER = com.twilio.AVPlayerExample;
				PRODUCT_NAME = "$(TARGET_NAME)";
			};
			name = Release;
		};
/* End XCBuildConfiguration section */

/* Begin XCConfigurationList section */
		8A0A1F0F1ECD1FFC0008C1AF /* Build configuration list for PBXProject "AVPlayerExample" */ = {
			isa = XCConfigurationList;
			buildConfigurations = (
				8A0A1F291ECD1FFC0008C1AF /* Debug */,
				8A0A1F2A1ECD1FFC0008C1AF /* Release */,
			);
			defaultConfigurationIsVisible = 0;
			defaultConfigurationName = Release;
		};
		8A0A1F2B1ECD1FFC0008C1AF /* Build configuration list for PBXNativeTarget "AVPlayerExample" */ = {
			isa = XCConfigurationList;
			buildConfigurations = (
				8A0A1F2C1ECD1FFC0008C1AF /* Debug */,
				8A0A1F2D1ECD1FFC0008C1AF /* Release */,
			);
			defaultConfigurationIsVisible = 0;
			defaultConfigurationName = Release;
		};
/* End XCConfigurationList section */

/* Begin XCRemoteSwiftPackageReference section */
		2438448B252B96800088B407 /* XCRemoteSwiftPackageReference "twilio-video-ios" */ = {
			isa = XCRemoteSwiftPackageReference;
			repositoryURL = "https://github.com/twilio/twilio-video-ios";
			requirement = {
				kind = upToNextMajorVersion;
				minimumVersion = 5.11.1;
			};
		};
/* End XCRemoteSwiftPackageReference section */

/* Begin XCSwiftPackageProductDependency section */
		2438448C252B96800088B407 /* TwilioVideo */ = {
			isa = XCSwiftPackageProductDependency;
			package = 2438448B252B96800088B407 /* XCRemoteSwiftPackageReference "twilio-video-ios" */;
			productName = TwilioVideo;
		};
/* End XCSwiftPackageProductDependency section */
	};
	rootObject = 8A0A1F0C1ECD1FFC0008C1AF /* Project object */;
}
