// !$*UTF8*$!
{
	archiveVersion = 1;
	classes = {
	};
	objectVersion = 52;
	objects = {

/* Begin PBXBuildFile section */
		24384490252B96970088B407 /* TwilioVideo in Frameworks */ = {isa = PBXBuildFile; productRef = 2438448F252B96970088B407 /* TwilioVideo */; };
		4B0F4B341FAC4DCF006784F1 /* LaunchScreen.storyboard in Resources */ = {isa = PBXBuildFile; fileRef = 4B0F4B301FAC4DCF006784F1 /* LaunchScreen.storyboard */; };
		4B0F4B351FAC4DCF006784F1 /* Main.storyboard in Resources */ = {isa = PBXBuildFile; fileRef = 4B0F4B321FAC4DCF006784F1 /* Main.storyboard */; };
		4B0F4B3C1FAC4EEC006784F1 /* Utils.swift in Sources */ = {isa = PBXBuildFile; fileRef = 4B0F4B391FAC4EEC006784F1 /* Utils.swift */; };
		4BA53D851FAC42340050BDF7 /* AppDelegate.swift in Sources */ = {isa = PBXBuildFile; fileRef = 4BA53D7F1FAC42340050BDF7 /* AppDelegate.swift */; };
		4BA53D861FAC42340050BDF7 /* Assets.xcassets in Resources */ = {isa = PBXBuildFile; fileRef = 4BA53D801FAC42340050BDF7 /* Assets.xcassets */; };
		4BA53D891FAC42340050BDF7 /* ViewController.swift in Sources */ = {isa = PBXBuildFile; fileRef = 4BA53D841FAC42340050BDF7 /* ViewController.swift */; };
/* End PBXBuildFile section */

/* Begin PBXCopyFilesBuildPhase section */
		24748EE7252B743000EEBFDD /* Embed Frameworks */ = {
			isa = PBXCopyFilesBuildPhase;
			buildActionMask = 2147483647;
			dstPath = "";
			dstSubfolderSpec = 10;
			files = (
			);
			name = "Embed Frameworks";
			runOnlyForDeploymentPostprocessing = 0;
		};
/* End PBXCopyFilesBuildPhase section */

/* Begin PBXFileReference section */
		24B657B822B1F8600057EBE6 /* README.md */ = {isa = PBXFileReference; lastKnownFileType = net.daringfireball.markdown; name = README.md; path = DataTrackExample/README.md; sourceTree = "<group>"; };
		4B0F4B311FAC4DCF006784F1 /* Base */ = {isa = PBXFileReference; lastKnownFileType = file.storyboard; name = Base; path = Base.lproj/LaunchScreen.storyboard; sourceTree = "<group>"; };
		4B0F4B331FAC4DCF006784F1 /* Base */ = {isa = PBXFileReference; lastKnownFileType = file.storyboard; name = Base; path = Base.lproj/Main.storyboard; sourceTree = "<group>"; };
		4B0F4B371FAC4EEC006784F1 /* Settings.swift */ = {isa = PBXFileReference; fileEncoding = 4; lastKnownFileType = sourcecode.swift; path = Settings.swift; sourceTree = "<group>"; };
		4B0F4B381FAC4EEC006784F1 /* SettingsTableViewController.swift */ = {isa = PBXFileReference; fileEncoding = 4; lastKnownFileType = sourcecode.swift; path = SettingsTableViewController.swift; sourceTree = "<group>"; };
		4B0F4B391FAC4EEC006784F1 /* Utils.swift */ = {isa = PBXFileReference; fileEncoding = 4; lastKnownFileType = sourcecode.swift; path = Utils.swift; sourceTree = "<group>"; };
		4B3F66821FAB81E400ADB3F7 /* DataTrackExample.app */ = {isa = PBXFileReference; explicitFileType = wrapper.application; includeInIndex = 0; path = DataTrackExample.app; sourceTree = BUILT_PRODUCTS_DIR; };
		4B3F66981FAB82AB00ADB3F7 /* SystemConfiguration.framework */ = {isa = PBXFileReference; lastKnownFileType = wrapper.framework; name = SystemConfiguration.framework; path = System/Library/Frameworks/SystemConfiguration.framework; sourceTree = SDKROOT; };
		4B3F66991FAB82B900ADB3F7 /* CoreMedia.framework */ = {isa = PBXFileReference; lastKnownFileType = wrapper.framework; name = CoreMedia.framework; path = System/Library/Frameworks/CoreMedia.framework; sourceTree = SDKROOT; };
		4B3F669A1FAB82BF00ADB3F7 /* GLKit.framework */ = {isa = PBXFileReference; lastKnownFileType = wrapper.framework; name = GLKit.framework; path = System/Library/Frameworks/GLKit.framework; sourceTree = SDKROOT; };
		4B3F669B1FAB82C700ADB3F7 /* CoreTelephony.framework */ = {isa = PBXFileReference; lastKnownFileType = wrapper.framework; name = CoreTelephony.framework; path = System/Library/Frameworks/CoreTelephony.framework; sourceTree = SDKROOT; };
		4B3F669C1FAB82D300ADB3F7 /* AVFoundation.framework */ = {isa = PBXFileReference; lastKnownFileType = wrapper.framework; name = AVFoundation.framework; path = System/Library/Frameworks/AVFoundation.framework; sourceTree = SDKROOT; };
		4B3F669D1FAB82E000ADB3F7 /* VideoToolbox.framework */ = {isa = PBXFileReference; lastKnownFileType = wrapper.framework; name = VideoToolbox.framework; path = System/Library/Frameworks/VideoToolbox.framework; sourceTree = SDKROOT; };
		4B3F669E1FAB82E600ADB3F7 /* AudioToolbox.framework */ = {isa = PBXFileReference; lastKnownFileType = wrapper.framework; name = AudioToolbox.framework; path = System/Library/Frameworks/AudioToolbox.framework; sourceTree = SDKROOT; };
		4B3F669F1FAB82F000ADB3F7 /* libc++.tbd */ = {isa = PBXFileReference; lastKnownFileType = "sourcecode.text-based-dylib-definition"; name = "libc++.tbd"; path = "usr/lib/libc++.tbd"; sourceTree = SDKROOT; };
		4BA53D7F1FAC42340050BDF7 /* AppDelegate.swift */ = {isa = PBXFileReference; fileEncoding = 4; lastKnownFileType = sourcecode.swift; path = AppDelegate.swift; sourceTree = "<group>"; };
		4BA53D801FAC42340050BDF7 /* Assets.xcassets */ = {isa = PBXFileReference; lastKnownFileType = folder.assetcatalog; path = Assets.xcassets; sourceTree = "<group>"; };
		4BA53D811FAC42340050BDF7 /* Info.plist */ = {isa = PBXFileReference; fileEncoding = 4; lastKnownFileType = text.plist.xml; path = Info.plist; sourceTree = "<group>"; };
		4BA53D841FAC42340050BDF7 /* ViewController.swift */ = {isa = PBXFileReference; fileEncoding = 4; lastKnownFileType = sourcecode.swift; path = ViewController.swift; sourceTree = "<group>"; };
/* End PBXFileReference section */

/* Begin PBXFrameworksBuildPhase section */
		4B3F667F1FAB81E400ADB3F7 /* Frameworks */ = {
			isa = PBXFrameworksBuildPhase;
			buildActionMask = 2147483647;
			files = (
				24384490252B96970088B407 /* TwilioVideo in Frameworks */,
			);
			runOnlyForDeploymentPostprocessing = 0;
		};
/* End PBXFrameworksBuildPhase section */

/* Begin PBXGroup section */
		4B0F4B361FAC4EEC006784F1 /* Utils */ = {
			isa = PBXGroup;
			children = (
				4B0F4B371FAC4EEC006784F1 /* Settings.swift */,
				4B0F4B381FAC4EEC006784F1 /* SettingsTableViewController.swift */,
				4B0F4B391FAC4EEC006784F1 /* Utils.swift */,
			);
			path = Utils;
			sourceTree = "<group>";
		};
		4B3F66791FAB81E400ADB3F7 = {
			isa = PBXGroup;
			children = (
				4BA53D7E1FAC42340050BDF7 /* DataTrackExample */,
				4B0F4B361FAC4EEC006784F1 /* Utils */,
				4B3F66831FAB81E400ADB3F7 /* Products */,
				4B3F66971FAB82AA00ADB3F7 /* Frameworks */,
				24B657B822B1F8600057EBE6 /* README.md */,
			);
			sourceTree = "<group>";
		};
		4B3F66831FAB81E400ADB3F7 /* Products */ = {
			isa = PBXGroup;
			children = (
				4B3F66821FAB81E400ADB3F7 /* DataTrackExample.app */,
			);
			name = Products;
			sourceTree = "<group>";
		};
		4B3F66971FAB82AA00ADB3F7 /* Frameworks */ = {
			isa = PBXGroup;
			children = (
				4B3F669E1FAB82E600ADB3F7 /* AudioToolbox.framework */,
				4B3F669C1FAB82D300ADB3F7 /* AVFoundation.framework */,
				4B3F66991FAB82B900ADB3F7 /* CoreMedia.framework */,
				4B3F669B1FAB82C700ADB3F7 /* CoreTelephony.framework */,
				4B3F669A1FAB82BF00ADB3F7 /* GLKit.framework */,
				4B3F66981FAB82AB00ADB3F7 /* SystemConfiguration.framework */,
				4B3F669D1FAB82E000ADB3F7 /* VideoToolbox.framework */,
				4B3F669F1FAB82F000ADB3F7 /* libc++.tbd */,
			);
			name = Frameworks;
			sourceTree = "<group>";
		};
		4BA53D7E1FAC42340050BDF7 /* DataTrackExample */ = {
			isa = PBXGroup;
			children = (
				4BA53D7F1FAC42340050BDF7 /* AppDelegate.swift */,
				4BA53D841FAC42340050BDF7 /* ViewController.swift */,
				4B0F4B321FAC4DCF006784F1 /* Main.storyboard */,
				4BA53D801FAC42340050BDF7 /* Assets.xcassets */,
				4B0F4B301FAC4DCF006784F1 /* LaunchScreen.storyboard */,
				4BA53D811FAC42340050BDF7 /* Info.plist */,
			);
			path = DataTrackExample;
			sourceTree = "<group>";
		};
/* End PBXGroup section */

/* Begin PBXNativeTarget section */
		4B3F66811FAB81E400ADB3F7 /* DataTrackExample */ = {
			isa = PBXNativeTarget;
			buildConfigurationList = 4B3F66941FAB81E400ADB3F7 /* Build configuration list for PBXNativeTarget "DataTrackExample" */;
			buildPhases = (
				4B3F667E1FAB81E400ADB3F7 /* Sources */,
				4B3F667F1FAB81E400ADB3F7 /* Frameworks */,
				4B3F66801FAB81E400ADB3F7 /* Resources */,
				24748EE7252B743000EEBFDD /* Embed Frameworks */,
				24748EF1252B910000EEBFDD /* Sign Frameworks */,
			);
			buildRules = (
			);
			dependencies = (
			);
			name = DataTrackExample;
			packageProductDependencies = (
				2438448F252B96970088B407 /* TwilioVideo */,
			);
			productName = DataTrackExample;
			productReference = 4B3F66821FAB81E400ADB3F7 /* DataTrackExample.app */;
			productType = "com.apple.product-type.application";
		};
/* End PBXNativeTarget section */

/* Begin PBXProject section */
		4B3F667A1FAB81E400ADB3F7 /* Project object */ = {
			isa = PBXProject;
			attributes = {
				LastSwiftUpdateCheck = 0910;
				LastUpgradeCheck = 1200;
				ORGANIZATIONNAME = Twilio;
				TargetAttributes = {
					4B3F66811FAB81E400ADB3F7 = {
						CreatedOnToolsVersion = 9.1;
						LastSwiftMigration = 1200;
						ProvisioningStyle = Automatic;
					};
				};
			};
			buildConfigurationList = 4B3F667D1FAB81E400ADB3F7 /* Build configuration list for PBXProject "DataTrackExample" */;
			compatibilityVersion = "Xcode 8.0";
			developmentRegion = en;
			hasScannedForEncodings = 0;
			knownRegions = (
				en,
				Base,
			);
			mainGroup = 4B3F66791FAB81E400ADB3F7;
			packageReferences = (
				2438448E252B96970088B407 /* XCRemoteSwiftPackageReference "twilio-video-ios" */,
			);
			productRefGroup = 4B3F66831FAB81E400ADB3F7 /* Products */;
			projectDirPath = "";
			projectRoot = "";
			targets = (
				4B3F66811FAB81E400ADB3F7 /* DataTrackExample */,
			);
		};
/* End PBXProject section */

/* Begin PBXResourcesBuildPhase section */
		4B3F66801FAB81E400ADB3F7 /* Resources */ = {
			isa = PBXResourcesBuildPhase;
			buildActionMask = 2147483647;
			files = (
				4B0F4B341FAC4DCF006784F1 /* LaunchScreen.storyboard in Resources */,
				4BA53D861FAC42340050BDF7 /* Assets.xcassets in Resources */,
				4B0F4B351FAC4DCF006784F1 /* Main.storyboard in Resources */,
			);
			runOnlyForDeploymentPostprocessing = 0;
		};
/* End PBXResourcesBuildPhase section */

/* Begin PBXShellScriptBuildPhase section */
		24748EF1252B910000EEBFDD /* Sign Frameworks */ = {
			isa = PBXShellScriptBuildPhase;
			buildActionMask = 2147483647;
			files = (
			);
			inputFileListPaths = (
			);
			inputPaths = (
			);
			name = "Sign Frameworks";
			outputFileListPaths = (
			);
			outputPaths = (
			);
			runOnlyForDeploymentPostprocessing = 0;
			shellPath = /bin/sh;
			shellScript = "find \"${CODESIGNING_FOLDER_PATH}\" -name '*.framework' -print0 | while read -d $'\\0' framework \ndo \n    codesign --force --deep --sign \"${EXPANDED_CODE_SIGN_IDENTITY}\" --preserve-metadata=identifier,entitlements --timestamp=none \"${framework}\" \ndone\n";
		};
/* End PBXShellScriptBuildPhase section */

/* Begin PBXSourcesBuildPhase section */
		4B3F667E1FAB81E400ADB3F7 /* Sources */ = {
			isa = PBXSourcesBuildPhase;
			buildActionMask = 2147483647;
			files = (
				4B0F4B3C1FAC4EEC006784F1 /* Utils.swift in Sources */,
				4BA53D891FAC42340050BDF7 /* ViewController.swift in Sources */,
				4BA53D851FAC42340050BDF7 /* AppDelegate.swift in Sources */,
			);
			runOnlyForDeploymentPostprocessing = 0;
		};
/* End PBXSourcesBuildPhase section */

/* Begin PBXVariantGroup section */
		4B0F4B301FAC4DCF006784F1 /* LaunchScreen.storyboard */ = {
			isa = PBXVariantGroup;
			children = (
				4B0F4B311FAC4DCF006784F1 /* Base */,
			);
			name = LaunchScreen.storyboard;
			sourceTree = "<group>";
		};
		4B0F4B321FAC4DCF006784F1 /* Main.storyboard */ = {
			isa = PBXVariantGroup;
			children = (
				4B0F4B331FAC4DCF006784F1 /* Base */,
			);
			name = Main.storyboard;
			sourceTree = "<group>";
		};
/* End PBXVariantGroup section */

/* Begin XCBuildConfiguration section */
		4B3F66921FAB81E400ADB3F7 /* Debug */ = {
			isa = XCBuildConfiguration;
			buildSettings = {
				ALWAYS_SEARCH_USER_PATHS = NO;
				CLANG_ANALYZER_NONNULL = YES;
				CLANG_ANALYZER_NUMBER_OBJECT_CONVERSION = YES_AGGRESSIVE;
				CLANG_CXX_LANGUAGE_STANDARD = "gnu++14";
				CLANG_CXX_LIBRARY = "libc++";
				CLANG_ENABLE_MODULES = YES;
				CLANG_ENABLE_OBJC_ARC = YES;
				CLANG_WARN_BLOCK_CAPTURE_AUTORELEASING = YES;
				CLANG_WARN_BOOL_CONVERSION = YES;
				CLANG_WARN_COMMA = YES;
				CLANG_WARN_CONSTANT_CONVERSION = YES;
				CLANG_WARN_DEPRECATED_OBJC_IMPLEMENTATIONS = YES;
				CLANG_WARN_DIRECT_OBJC_ISA_USAGE = YES_ERROR;
				CLANG_WARN_DOCUMENTATION_COMMENTS = YES;
				CLANG_WARN_EMPTY_BODY = YES;
				CLANG_WARN_ENUM_CONVERSION = YES;
				CLANG_WARN_INFINITE_RECURSION = YES;
				CLANG_WARN_INT_CONVERSION = YES;
				CLANG_WARN_NON_LITERAL_NULL_CONVERSION = YES;
				CLANG_WARN_OBJC_IMPLICIT_RETAIN_SELF = YES;
				CLANG_WARN_OBJC_LITERAL_CONVERSION = YES;
				CLANG_WARN_OBJC_ROOT_CLASS = YES_ERROR;
				CLANG_WARN_QUOTED_INCLUDE_IN_FRAMEWORK_HEADER = YES;
				CLANG_WARN_RANGE_LOOP_ANALYSIS = YES;
				CLANG_WARN_STRICT_PROTOTYPES = YES;
				CLANG_WARN_SUSPICIOUS_MOVE = YES;
				CLANG_WARN_UNGUARDED_AVAILABILITY = YES_AGGRESSIVE;
				CLANG_WARN_UNREACHABLE_CODE = YES;
				CLANG_WARN__DUPLICATE_METHOD_MATCH = YES;
				CODE_SIGN_IDENTITY = "iPhone Developer";
				COPY_PHASE_STRIP = NO;
				DEBUG_INFORMATION_FORMAT = dwarf;
				ENABLE_STRICT_OBJC_MSGSEND = YES;
				ENABLE_TESTABILITY = YES;
				GCC_C_LANGUAGE_STANDARD = gnu11;
				GCC_DYNAMIC_NO_PIC = NO;
				GCC_NO_COMMON_BLOCKS = YES;
				GCC_OPTIMIZATION_LEVEL = 0;
				GCC_PREPROCESSOR_DEFINITIONS = (
					"DEBUG=1",
					"$(inherited)",
				);
				GCC_TREAT_WARNINGS_AS_ERRORS = YES;
				GCC_WARN_64_TO_32_BIT_CONVERSION = YES;
				GCC_WARN_ABOUT_RETURN_TYPE = YES_ERROR;
				GCC_WARN_UNDECLARED_SELECTOR = YES;
				GCC_WARN_UNINITIALIZED_AUTOS = YES_AGGRESSIVE;
				GCC_WARN_UNUSED_FUNCTION = YES;
				GCC_WARN_UNUSED_VARIABLE = YES;
				IPHONEOS_DEPLOYMENT_TARGET = 12.2;
				MTL_ENABLE_DEBUG_INFO = YES;
				ONLY_ACTIVE_ARCH = YES;
				SDKROOT = iphoneos;
				SWIFT_ACTIVE_COMPILATION_CONDITIONS = DEBUG;
				SWIFT_OPTIMIZATION_LEVEL = "-Onone";
				SWIFT_TREAT_WARNINGS_AS_ERRORS = YES;
			};
			name = Debug;
		};
		4B3F66931FAB81E400ADB3F7 /* Release */ = {
			isa = XCBuildConfiguration;
			buildSettings = {
				ALWAYS_SEARCH_USER_PATHS = NO;
				CLANG_ANALYZER_NONNULL = YES;
				CLANG_ANALYZER_NUMBER_OBJECT_CONVERSION = YES_AGGRESSIVE;
				CLANG_CXX_LANGUAGE_STANDARD = "gnu++14";
				CLANG_CXX_LIBRARY = "libc++";
				CLANG_ENABLE_MODULES = YES;
				CLANG_ENABLE_OBJC_ARC = YES;
				CLANG_WARN_BLOCK_CAPTURE_AUTORELEASING = YES;
				CLANG_WARN_BOOL_CONVERSION = YES;
				CLANG_WARN_COMMA = YES;
				CLANG_WARN_CONSTANT_CONVERSION = YES;
				CLANG_WARN_DEPRECATED_OBJC_IMPLEMENTATIONS = YES;
				CLANG_WARN_DIRECT_OBJC_ISA_USAGE = YES_ERROR;
				CLANG_WARN_DOCUMENTATION_COMMENTS = YES;
				CLANG_WARN_EMPTY_BODY = YES;
				CLANG_WARN_ENUM_CONVERSION = YES;
				CLANG_WARN_INFINITE_RECURSION = YES;
				CLANG_WARN_INT_CONVERSION = YES;
				CLANG_WARN_NON_LITERAL_NULL_CONVERSION = YES;
				CLANG_WARN_OBJC_IMPLICIT_RETAIN_SELF = YES;
				CLANG_WARN_OBJC_LITERAL_CONVERSION = YES;
				CLANG_WARN_OBJC_ROOT_CLASS = YES_ERROR;
				CLANG_WARN_QUOTED_INCLUDE_IN_FRAMEWORK_HEADER = YES;
				CLANG_WARN_RANGE_LOOP_ANALYSIS = YES;
				CLANG_WARN_STRICT_PROTOTYPES = YES;
				CLANG_WARN_SUSPICIOUS_MOVE = YES;
				CLANG_WARN_UNGUARDED_AVAILABILITY = YES_AGGRESSIVE;
				CLANG_WARN_UNREACHABLE_CODE = YES;
				CLANG_WARN__DUPLICATE_METHOD_MATCH = YES;
				CODE_SIGN_IDENTITY = "iPhone Developer";
				COPY_PHASE_STRIP = NO;
				DEBUG_INFORMATION_FORMAT = "dwarf-with-dsym";
				ENABLE_NS_ASSERTIONS = NO;
				ENABLE_STRICT_OBJC_MSGSEND = YES;
				GCC_C_LANGUAGE_STANDARD = gnu11;
				GCC_NO_COMMON_BLOCKS = YES;
				GCC_TREAT_WARNINGS_AS_ERRORS = YES;
				GCC_WARN_64_TO_32_BIT_CONVERSION = YES;
				GCC_WARN_ABOUT_RETURN_TYPE = YES_ERROR;
				GCC_WARN_UNDECLARED_SELECTOR = YES;
				GCC_WARN_UNINITIALIZED_AUTOS = YES_AGGRESSIVE;
				GCC_WARN_UNUSED_FUNCTION = YES;
				GCC_WARN_UNUSED_VARIABLE = YES;
				IPHONEOS_DEPLOYMENT_TARGET = 12.2;
				MTL_ENABLE_DEBUG_INFO = NO;
				SDKROOT = iphoneos;
				SWIFT_COMPILATION_MODE = wholemodule;
				SWIFT_OPTIMIZATION_LEVEL = "-O";
				SWIFT_TREAT_WARNINGS_AS_ERRORS = YES;
				VALIDATE_PRODUCT = YES;
			};
			name = Release;
		};
		4B3F66951FAB81E400ADB3F7 /* Debug */ = {
			isa = XCBuildConfiguration;
			buildSettings = {
				ASSETCATALOG_COMPILER_APPICON_NAME = AppIcon;
				CODE_SIGN_STYLE = Automatic;
				DEVELOPMENT_TEAM = SX5J6BN2KX;
				FRAMEWORK_SEARCH_PATHS = (
					"$(inherited)",
					"$(PROJECT_DIR)",
				);
				INFOPLIST_FILE = DataTrackExample/Info.plist;
				LD_RUNPATH_SEARCH_PATHS = (
					"$(inherited)",
					"@executable_path/Frameworks",
				);
				PRODUCT_BUNDLE_IDENTIFIER = com.twilio.DataTrackExample;
				PRODUCT_NAME = "$(TARGET_NAME)";
				SWIFT_VERSION = 5.0;
				TARGETED_DEVICE_FAMILY = "1,2";
			};
			name = Debug;
		};
		4B3F66961FAB81E400ADB3F7 /* Release */ = {
			isa = XCBuildConfiguration;
			buildSettings = {
				ASSETCATALOG_COMPILER_APPICON_NAME = AppIcon;
				CODE_SIGN_STYLE = Automatic;
				DEVELOPMENT_TEAM = SX5J6BN2KX;
				FRAMEWORK_SEARCH_PATHS = (
					"$(inherited)",
					"$(PROJECT_DIR)",
				);
				INFOPLIST_FILE = DataTrackExample/Info.plist;
				LD_RUNPATH_SEARCH_PATHS = (
					"$(inherited)",
					"@executable_path/Frameworks",
				);
				PRODUCT_BUNDLE_IDENTIFIER = com.twilio.DataTrackExample;
				PRODUCT_NAME = "$(TARGET_NAME)";
				SWIFT_VERSION = 5.0;
				TARGETED_DEVICE_FAMILY = "1,2";
			};
			name = Release;
		};
/* End XCBuildConfiguration section */

/* Begin XCConfigurationList section */
		4B3F667D1FAB81E400ADB3F7 /* Build configuration list for PBXProject "DataTrackExample" */ = {
			isa = XCConfigurationList;
			buildConfigurations = (
				4B3F66921FAB81E400ADB3F7 /* Debug */,
				4B3F66931FAB81E400ADB3F7 /* Release */,
			);
			defaultConfigurationIsVisible = 0;
			defaultConfigurationName = Release;
		};
		4B3F66941FAB81E400ADB3F7 /* Build configuration list for PBXNativeTarget "DataTrackExample" */ = {
			isa = XCConfigurationList;
			buildConfigurations = (
				4B3F66951FAB81E400ADB3F7 /* Debug */,
				4B3F66961FAB81E400ADB3F7 /* Release */,
			);
			defaultConfigurationIsVisible = 0;
			defaultConfigurationName = Release;
		};
/* End XCConfigurationList section */

/* Begin XCRemoteSwiftPackageReference section */
		2438448E252B96970088B407 /* XCRemoteSwiftPackageReference "twilio-video-ios" */ = {
			isa = XCRemoteSwiftPackageReference;
			repositoryURL = "https://github.com/twilio/twilio-video-ios";
			requirement = {
				kind = upToNextMajorVersion;
				minimumVersion = 5.4.0;
			};
		};
/* End XCRemoteSwiftPackageReference section */

/* Begin XCSwiftPackageProductDependency section */
		2438448F252B96970088B407 /* TwilioVideo */ = {
			isa = XCSwiftPackageProductDependency;
			package = 2438448E252B96970088B407 /* XCRemoteSwiftPackageReference "twilio-video-ios" */;
			productName = TwilioVideo;
		};
/* End XCSwiftPackageProductDependency section */
	};
	rootObject = 4B3F667A1FAB81E400ADB3F7 /* Project object */;
}
